
Microsoft Visual Studio Solution File, Format Version 12.00
# Visual Studio 15
VisualStudioVersion = 15.0.27703.2047
MinimumVisualStudioVersion = 10.0.40219.1
Project("{9A19103F-16F7-4668-BE54-9A1E7A4F7556}") = "LinesCounter", "LinesCounter\LinesCounter.csproj", "{00B6EB88-56DE-4353-910E-BCE09F6185A2}"
EndProject
Project("{9A19103F-16F7-4668-BE54-9A1E7A4F7556}") = "StreamWriterr", "StreamWriter\StreamWriterr.csproj", "{D0ED7290-62E1-470A-B1BD-279A3CEB61D5}"
EndProject
Project("{9A19103F-16F7-4668-BE54-9A1E7A4F7556}") = "WritingToAFile", "WritingToAFile\WritingToAFile.csproj", "{EF7D7622-3510-4CC6-B579-75D48B30DD86}"
EndProject
Project("{9A19103F-16F7-4668-BE54-9A1E7A4F7556}") = "CopyingFile.cs", "CopyingFile.cs\CopyingFile.cs.csproj", "{619D5522-2FF1-4DF3-9A5E-A4716F1B59D5}"
EndProject
Project("{9A19103F-16F7-4668-BE54-9A1E7A4F7556}") = "TestCoding", "TestCoding\TestCoding.csproj", "{3CF77F62-14D3-40BB-BB5B-53FE2CCDB164}"
EndProject
Global
	GlobalSection(SolutionConfigurationPlatforms) = preSolution
		Debug|Any CPU = Debug|Any CPU
		Release|Any CPU = Release|Any CPU
	EndGlobalSection
	GlobalSection(ProjectConfigurationPlatforms) = postSolution
		{00B6EB88-56DE-4353-910E-BCE09F6185A2}.Debug|Any CPU.ActiveCfg = Debug|Any CPU
		{00B6EB88-56DE-4353-910E-BCE09F6185A2}.Debug|Any CPU.Build.0 = Debug|Any CPU
		{00B6EB88-56DE-4353-910E-BCE09F6185A2}.Release|Any CPU.ActiveCfg = Release|Any CPU
		{00B6EB88-56DE-4353-910E-BCE09F6185A2}.Release|Any CPU.Build.0 = Release|Any CPU
		{D0ED7290-62E1-470A-B1BD-279A3CEB61D5}.Debug|Any CPU.ActiveCfg = Debug|Any CPU
		{D0ED7290-62E1-470A-B1BD-279A3CEB61D5}.Debug|Any CPU.Build.0 = Debug|Any CPU
		{D0ED7290-62E1-470A-B1BD-279A3CEB61D5}.Release|Any CPU.ActiveCfg = Release|Any CPU
		{D0ED7290-62E1-470A-B1BD-279A3CEB61D5}.Release|Any CPU.Build.0 = Release|Any CPU
		{EF7D7622-3510-4CC6-B579-75D48B30DD86}.Debug|Any CPU.ActiveCfg = Debug|Any CPU
		{EF7D7622-3510-4CC6-B579-75D48B30DD86}.Debug|Any CPU.Build.0 = Debug|Any CPU
		{EF7D7622-3510-4CC6-B579-75D48B30DD86}.Release|Any CPU.ActiveCfg = Release|Any CPU
		{EF7D7622-3510-4CC6-B579-75D48B30DD86}.Release|Any CPU.Build.0 = Release|Any CPU
		{619D5522-2FF1-4DF3-9A5E-A4716F1B59D5}.Debug|Any CPU.ActiveCfg = Debug|Any CPU
		{619D5522-2FF1-4DF3-9A5E-A4716F1B59D5}.Debug|Any CPU.Build.0 = Debug|Any CPU
		{619D5522-2FF1-4DF3-9A5E-A4716F1B59D5}.Release|Any CPU.ActiveCfg = Release|Any CPU
		{619D5522-2FF1-4DF3-9A5E-A4716F1B59D5}.Release|Any CPU.Build.0 = Release|Any CPU
		{3CF77F62-14D3-40BB-BB5B-53FE2CCDB164}.Debug|Any CPU.ActiveCfg = Debug|Any CPU
		{3CF77F62-14D3-40BB-BB5B-53FE2CCDB164}.Debug|Any CPU.Build.0 = Debug|Any CPU
		{3CF77F62-14D3-40BB-BB5B-53FE2CCDB164}.Release|Any CPU.ActiveCfg = Release|Any CPU
		{3CF77F62-14D3-40BB-BB5B-53FE2CCDB164}.Release|Any CPU.Build.0 = Release|Any CPU
	EndGlobalSection
	GlobalSection(SolutionProperties) = preSolution
		HideSolutionNode = FALSE
	EndGlobalSection
	GlobalSection(ExtensibilityGlobals) = postSolution
		SolutionGuid = {04EA57DD-1F09-4A92-AF10-B0EC1C8F8B15}
	EndGlobalSection
EndGlobal
